
Microsoft Visual Studio Solution File, Format Version 12.00
# Visual Studio 15
VisualStudioVersion = 15.0.27703.2047
MinimumVisualStudioVersion = 10.0.40219.1
Project("{FAE04EC0-301F-11D3-BF4B-00C04F79EFBC}") = "appFBLA2019.Android", "appFBLA2019\appFBLA2019.Android\appFBLA2019.Android.csproj", "{A86F618D-46E9-401C-9070-63FB6A86B520}"
EndProject
Project("{FAE04EC0-301F-11D3-BF4B-00C04F79EFBC}") = "appFBLA2019.iOS", "appFBLA2019\appFBLA2019.iOS\appFBLA2019.iOS.csproj", "{34710BBA-B871-4098-AB55-F4713D59E43A}"
EndProject
Project("{9A19103F-16F7-4668-BE54-9A1E7A4F7556}") = "appFBLA2019", "appFBLA2019\appFBLA2019\appFBLA2019.csproj", "{6083435E-05FE-4EE8-BBBA-D7A583E999F4}"
EndProject
Global
	GlobalSection(SolutionConfigurationPlatforms) = preSolution
		Ad-Hoc|Any CPU = Ad-Hoc|Any CPU
		Ad-Hoc|iPhone = Ad-Hoc|iPhone
		Ad-Hoc|iPhoneSimulator = Ad-Hoc|iPhoneSimulator
		AppStore|Any CPU = AppStore|Any CPU
		AppStore|iPhone = AppStore|iPhone
		AppStore|iPhoneSimulator = AppStore|iPhoneSimulator
		Debug|Any CPU = Debug|Any CPU
		Debug|iPhone = Debug|iPhone
		Debug|iPhoneSimulator = Debug|iPhoneSimulator
		Release|Any CPU = Release|Any CPU
		Release|iPhone = Release|iPhone
		Release|iPhoneSimulator = Release|iPhoneSimulator
	EndGlobalSection
	GlobalSection(ProjectConfigurationPlatforms) = postSolution
		{A86F618D-46E9-401C-9070-63FB6A86B520}.Ad-Hoc|Any CPU.ActiveCfg = Release|Any CPU
		{A86F618D-46E9-401C-9070-63FB6A86B520}.Ad-Hoc|Any CPU.Build.0 = Release|Any CPU
		{A86F618D-46E9-401C-9070-63FB6A86B520}.Ad-Hoc|Any CPU.Deploy.0 = Release|Any CPU
		{A86F618D-46E9-401C-9070-63FB6A86B520}.Ad-Hoc|iPhone.ActiveCfg = Release|Any CPU
		{A86F618D-46E9-401C-9070-63FB6A86B520}.Ad-Hoc|iPhone.Build.0 = Release|Any CPU
		{A86F618D-46E9-401C-9070-63FB6A86B520}.Ad-Hoc|iPhone.Deploy.0 = Release|Any CPU
		{A86F618D-46E9-401C-9070-63FB6A86B520}.Ad-Hoc|iPhoneSimulator.ActiveCfg = Release|Any CPU
		{A86F618D-46E9-401C-9070-63FB6A86B520}.Ad-Hoc|iPhoneSimulator.Build.0 = Release|Any CPU
		{A86F618D-46E9-401C-9070-63FB6A86B520}.Ad-Hoc|iPhoneSimulator.Deploy.0 = Release|Any CPU
		{A86F618D-46E9-401C-9070-63FB6A86B520}.AppStore|Any CPU.ActiveCfg = Release|Any CPU
		{A86F618D-46E9-401C-9070-63FB6A86B520}.AppStore|Any CPU.Build.0 = Release|Any CPU
		{A86F618D-46E9-401C-9070-63FB6A86B520}.AppStore|Any CPU.Deploy.0 = Release|Any CPU
		{A86F618D-46E9-401C-9070-63FB6A86B520}.AppStore|iPhone.ActiveCfg = Release|Any CPU
		{A86F618D-46E9-401C-9070-63FB6A86B520}.AppStore|iPhone.Build.0 = Release|Any CPU
		{A86F618D-46E9-401C-9070-63FB6A86B520}.AppStore|iPhone.Deploy.0 = Release|Any CPU
		{A86F618D-46E9-401C-9070-63FB6A86B520}.AppStore|iPhoneSimulator.ActiveCfg = Release|Any CPU
		{A86F618D-46E9-401C-9070-63FB6A86B520}.AppStore|iPhoneSimulator.Build.0 = Release|Any CPU
		{A86F618D-46E9-401C-9070-63FB6A86B520}.AppStore|iPhoneSimulator.Deploy.0 = Release|Any CPU
		{A86F618D-46E9-401C-9070-63FB6A86B520}.Debug|Any CPU.ActiveCfg = Debug|Any CPU
		{A86F618D-46E9-401C-9070-63FB6A86B520}.Debug|Any CPU.Build.0 = Debug|Any CPU
		{A86F618D-46E9-401C-9070-63FB6A86B520}.Debug|Any CPU.Deploy.0 = Debug|Any CPU
		{A86F618D-46E9-401C-9070-63FB6A86B520}.Debug|iPhone.ActiveCfg = Debug|Any CPU
		{A86F618D-46E9-401C-9070-63FB6A86B520}.Debug|iPhone.Build.0 = Debug|Any CPU
		{A86F618D-46E9-401C-9070-63FB6A86B520}.Debug|iPhone.Deploy.0 = Debug|Any CPU
		{A86F618D-46E9-401C-9070-63FB6A86B520}.Debug|iPhoneSimulator.ActiveCfg = Debug|Any CPU
		{A86F618D-46E9-401C-9070-63FB6A86B520}.Debug|iPhoneSimulator.Build.0 = Debug|Any CPU
		{A86F618D-46E9-401C-9070-63FB6A86B520}.Debug|iPhoneSimulator.Deploy.0 = Debug|Any CPU
		{A86F618D-46E9-401C-9070-63FB6A86B520}.Release|Any CPU.ActiveCfg = Release|Any CPU
		{A86F618D-46E9-401C-9070-63FB6A86B520}.Release|Any CPU.Build.0 = Release|Any CPU
		{A86F618D-46E9-401C-9070-63FB6A86B520}.Release|Any CPU.Deploy.0 = Release|Any CPU
		{A86F618D-46E9-401C-9070-63FB6A86B520}.Release|iPhone.ActiveCfg = Release|Any CPU
		{A86F618D-46E9-401C-9070-63FB6A86B520}.Release|iPhone.Build.0 = Release|Any CPU
		{A86F618D-46E9-401C-9070-63FB6A86B520}.Release|iPhone.Deploy.0 = Release|Any CPU
		{A86F618D-46E9-401C-9070-63FB6A86B520}.Release|iPhoneSimulator.ActiveCfg = Release|Any CPU
		{A86F618D-46E9-401C-9070-63FB6A86B520}.Release|iPhoneSimulator.Build.0 = Release|Any CPU
		{A86F618D-46E9-401C-9070-63FB6A86B520}.Release|iPhoneSimulator.Deploy.0 = Release|Any CPU
		{34710BBA-B871-4098-AB55-F4713D59E43A}.Ad-Hoc|Any CPU.ActiveCfg = Ad-Hoc|iPhone
		{34710BBA-B871-4098-AB55-F4713D59E43A}.Ad-Hoc|Any CPU.Build.0 = Ad-Hoc|iPhone
		{34710BBA-B871-4098-AB55-F4713D59E43A}.Ad-Hoc|Any CPU.Deploy.0 = Ad-Hoc|iPhone
		{34710BBA-B871-4098-AB55-F4713D59E43A}.Ad-Hoc|iPhone.ActiveCfg = Ad-Hoc|iPhone
		{34710BBA-B871-4098-AB55-F4713D59E43A}.Ad-Hoc|iPhone.Build.0 = Ad-Hoc|iPhone
		{34710BBA-B871-4098-AB55-F4713D59E43A}.Ad-Hoc|iPhone.Deploy.0 = Ad-Hoc|iPhone
		{34710BBA-B871-4098-AB55-F4713D59E43A}.Ad-Hoc|iPhoneSimulator.ActiveCfg = Ad-Hoc|iPhoneSimulator
		{34710BBA-B871-4098-AB55-F4713D59E43A}.Ad-Hoc|iPhoneSimulator.Build.0 = Ad-Hoc|iPhoneSimulator
		{34710BBA-B871-4098-AB55-F4713D59E43A}.Ad-Hoc|iPhoneSimulator.Deploy.0 = Ad-Hoc|iPhoneSimulator
		{34710BBA-B871-4098-AB55-F4713D59E43A}.AppStore|Any CPU.ActiveCfg = AppStore|iPhone
		{34710BBA-B871-4098-AB55-F4713D59E43A}.AppStore|Any CPU.Build.0 = AppStore|iPhone
		{34710BBA-B871-4098-AB55-F4713D59E43A}.AppStore|Any CPU.Deploy.0 = AppStore|iPhone
		{34710BBA-B871-4098-AB55-F4713D59E43A}.AppStore|iPhone.ActiveCfg = AppStore|iPhone
		{34710BBA-B871-4098-AB55-F4713D59E43A}.AppStore|iPhone.Build.0 = AppStore|iPhone
		{34710BBA-B871-4098-AB55-F4713D59E43A}.AppStore|iPhone.Deploy.0 = AppStore|iPhone
		{34710BBA-B871-4098-AB55-F4713D59E43A}.AppStore|iPhoneSimulator.ActiveCfg = AppStore|iPhoneSimulator
		{34710BBA-B871-4098-AB55-F4713D59E43A}.AppStore|iPhoneSimulator.Build.0 = AppStore|iPhoneSimulator
		{34710BBA-B871-4098-AB55-F4713D59E43A}.AppStore|iPhoneSimulator.Deploy.0 = AppStore|iPhoneSimulator
		{34710BBA-B871-4098-AB55-F4713D59E43A}.Debug|Any CPU.ActiveCfg = Debug|iPhoneSimulator
		{34710BBA-B871-4098-AB55-F4713D59E43A}.Debug|Any CPU.Build.0 = Debug|iPhoneSimulator
		{34710BBA-B871-4098-AB55-F4713D59E43A}.Debug|Any CPU.Deploy.0 = Debug|iPhoneSimulator
		{34710BBA-B871-4098-AB55-F4713D59E43A}.Debug|iPhone.ActiveCfg = Debug|iPhone
		{34710BBA-B871-4098-AB55-F4713D59E43A}.Debug|iPhone.Build.0 = Debug|iPhone
		{34710BBA-B871-4098-AB55-F4713D59E43A}.Debug|iPhone.Deploy.0 = Debug|iPhone
		{34710BBA-B871-4098-AB55-F4713D59E43A}.Debug|iPhoneSimulator.ActiveCfg = Debug|iPhoneSimulator
		{34710BBA-B871-4098-AB55-F4713D59E43A}.Debug|iPhoneSimulator.Build.0 = Debug|iPhoneSimulator
		{34710BBA-B871-4098-AB55-F4713D59E43A}.Debug|iPhoneSimulator.Deploy.0 = Debug|iPhoneSimulator
		{34710BBA-B871-4098-AB55-F4713D59E43A}.Release|Any CPU.ActiveCfg = Release|iPhone
		{34710BBA-B871-4098-AB55-F4713D59E43A}.Release|Any CPU.Build.0 = Release|iPhone
		{34710BBA-B871-4098-AB55-F4713D59E43A}.Release|Any CPU.Deploy.0 = Release|iPhone
		{34710BBA-B871-4098-AB55-F4713D59E43A}.Release|iPhone.ActiveCfg = Release|iPhone
		{34710BBA-B871-4098-AB55-F4713D59E43A}.Release|iPhone.Build.0 = Release|iPhone
		{34710BBA-B871-4098-AB55-F4713D59E43A}.Release|iPhone.Deploy.0 = Release|iPhone
		{34710BBA-B871-4098-AB55-F4713D59E43A}.Release|iPhoneSimulator.ActiveCfg = Release|iPhoneSimulator
		{34710BBA-B871-4098-AB55-F4713D59E43A}.Release|iPhoneSimulator.Build.0 = Release|iPhoneSimulator
		{34710BBA-B871-4098-AB55-F4713D59E43A}.Release|iPhoneSimulator.Deploy.0 = Release|iPhoneSimulator
		{6083435E-05FE-4EE8-BBBA-D7A583E999F4}.Ad-Hoc|Any CPU.ActiveCfg = Debug|Any CPU
		{6083435E-05FE-4EE8-BBBA-D7A583E999F4}.Ad-Hoc|Any CPU.Build.0 = Debug|Any CPU
		{6083435E-05FE-4EE8-BBBA-D7A583E999F4}.Ad-Hoc|Any CPU.Deploy.0 = Debug|Any CPU
		{6083435E-05FE-4EE8-BBBA-D7A583E999F4}.Ad-Hoc|iPhone.ActiveCfg = Debug|Any CPU
		{6083435E-05FE-4EE8-BBBA-D7A583E999F4}.Ad-Hoc|iPhone.Build.0 = Debug|Any CPU
		{6083435E-05FE-4EE8-BBBA-D7A583E999F4}.Ad-Hoc|iPhone.Deploy.0 = Debug|Any CPU
		{6083435E-05FE-4EE8-BBBA-D7A583E999F4}.Ad-Hoc|iPhoneSimulator.ActiveCfg = Debug|Any CPU
		{6083435E-05FE-4EE8-BBBA-D7A583E999F4}.Ad-Hoc|iPhoneSimulator.Build.0 = Debug|Any CPU
		{6083435E-05FE-4EE8-BBBA-D7A583E999F4}.Ad-Hoc|iPhoneSimulator.Deploy.0 = Debug|Any CPU
		{6083435E-05FE-4EE8-BBBA-D7A583E999F4}.AppStore|Any CPU.ActiveCfg = Debug|Any CPU
		{6083435E-05FE-4EE8-BBBA-D7A583E999F4}.AppStore|Any CPU.Build.0 = Debug|Any CPU
		{6083435E-05FE-4EE8-BBBA-D7A583E999F4}.AppStore|Any CPU.Deploy.0 = Debug|Any CPU
		{6083435E-05FE-4EE8-BBBA-D7A583E999F4}.AppStore|iPhone.ActiveCfg = Debug|Any CPU
		{6083435E-05FE-4EE8-BBBA-D7A583E999F4}.AppStore|iPhone.Build.0 = Debug|Any CPU
		{6083435E-05FE-4EE8-BBBA-D7A583E999F4}.AppStore|iPhone.Deploy.0 = Debug|Any CPU
		{6083435E-05FE-4EE8-BBBA-D7A583E999F4}.AppStore|iPhoneSimulator.ActiveCfg = Debug|Any CPU
		{6083435E-05FE-4EE8-BBBA-D7A583E999F4}.AppStore|iPhoneSimulator.Build.0 = Debug|Any CPU
		{6083435E-05FE-4EE8-BBBA-D7A583E999F4}.AppStore|iPhoneSimulator.Deploy.0 = Debug|Any CPU
		{6083435E-05FE-4EE8-BBBA-D7A583E999F4}.Debug|Any CPU.ActiveCfg = Debug|Any CPU
		{6083435E-05FE-4EE8-BBBA-D7A583E999F4}.Debug|Any CPU.Build.0 = Debug|Any CPU
		{6083435E-05FE-4EE8-BBBA-D7A583E999F4}.Debug|Any CPU.Deploy.0 = Debug|Any CPU
		{6083435E-05FE-4EE8-BBBA-D7A583E999F4}.Debug|iPhone.ActiveCfg = Debug|Any CPU
		{6083435E-05FE-4EE8-BBBA-D7A583E999F4}.Debug|iPhone.Build.0 = Debug|Any CPU
		{6083435E-05FE-4EE8-BBBA-D7A583E999F4}.Debug|iPhone.Deploy.0 = Debug|Any CPU
		{6083435E-05FE-4EE8-BBBA-D7A583E999F4}.Debug|iPhoneSimulator.ActiveCfg = Debug|Any CPU
		{6083435E-05FE-4EE8-BBBA-D7A583E999F4}.Debug|iPhoneSimulator.Build.0 = Debug|Any CPU
		{6083435E-05FE-4EE8-BBBA-D7A583E999F4}.Debug|iPhoneSimulator.Deploy.0 = Debug|Any CPU
		{6083435E-05FE-4EE8-BBBA-D7A583E999F4}.Release|Any CPU.ActiveCfg = Release|Any CPU
		{6083435E-05FE-4EE8-BBBA-D7A583E999F4}.Release|Any CPU.Build.0 = Release|Any CPU
		{6083435E-05FE-4EE8-BBBA-D7A583E999F4}.Release|Any CPU.Deploy.0 = Release|Any CPU
		{6083435E-05FE-4EE8-BBBA-D7A583E999F4}.Release|iPhone.ActiveCfg = Release|Any CPU
		{6083435E-05FE-4EE8-BBBA-D7A583E999F4}.Release|iPhone.Build.0 = Release|Any CPU
		{6083435E-05FE-4EE8-BBBA-D7A583E999F4}.Release|iPhone.Deploy.0 = Release|Any CPU
		{6083435E-05FE-4EE8-BBBA-D7A583E999F4}.Release|iPhoneSimulator.ActiveCfg = Release|Any CPU
		{6083435E-05FE-4EE8-BBBA-D7A583E999F4}.Release|iPhoneSimulator.Build.0 = Release|Any CPU
		{6083435E-05FE-4EE8-BBBA-D7A583E999F4}.Release|iPhoneSimulator.Deploy.0 = Release|Any CPU
	EndGlobalSection
	GlobalSection(SolutionProperties) = preSolution
		HideSolutionNode = FALSE
	EndGlobalSection
	GlobalSection(ExtensibilityGlobals) = postSolution
		SolutionGuid = {C7F01FF6-7678-4AEE-B90F-0437E896DC9A}
	EndGlobalSection
EndGlobal
